
Microsoft Visual Studio Solution File, Format Version 12.00
# Visual Studio 2013
VisualStudioVersion = 12.0.30501.0
MinimumVisualStudioVersion = 10.0.40219.1
Project("{E24C65DC-7377-472B-9ABA-BC803B73C61A}") = "WebServiceProjektT4", "http://localhost:44285", "{13EECD27-D917-4EF5-A2C8-04F407D4A192}"
	ProjectSection(WebsiteProperties) = preProject
		UseIISExpress = "true"
		TargetFrameworkMoniker = ".NETFramework,Version%3Dv4.5"
		Debug.AspNetCompiler.VirtualPath = "/localhost_44285"
		Debug.AspNetCompiler.PhysicalPath = "..\..\WebSites\WebServiceProjektT4\"
		Debug.AspNetCompiler.TargetPath = "PrecompiledWeb\localhost_44285\"
		Debug.AspNetCompiler.Updateable = "true"
		Debug.AspNetCompiler.ForceOverwrite = "true"
		Debug.AspNetCompiler.FixedNames = "false"
		Debug.AspNetCompiler.Debug = "True"
		Release.AspNetCompiler.VirtualPath = "/localhost_44285"
		Release.AspNetCompiler.PhysicalPath = "..\..\WebSites\WebServiceProjektT4\"
		Release.AspNetCompiler.TargetPath = "PrecompiledWeb\localhost_44285\"
		Release.AspNetCompiler.Updateable = "true"
		Release.AspNetCompiler.ForceOverwrite = "true"
		Release.AspNetCompiler.FixedNames = "false"
		Release.AspNetCompiler.Debug = "False"
		SlnRelativePath = "..\..\WebSites\WebServiceProjektT4\"
		DefaultWebSiteLanguage = "Visual C#"
	EndProjectSection
EndProject
Project("{FAE04EC0-301F-11D3-BF4B-00C04F79EFBC}") = "WebServiceProjektWindowsFormApp", "WebServiceProjektWindowsFormApp\WebServiceProjektWindowsFormApp.csproj", "{0E44C164-3E43-465D-B85E-27E2AD70B873}"
	ProjectSection(ProjectDependencies) = postProject
		{13EECD27-D917-4EF5-A2C8-04F407D4A192} = {13EECD27-D917-4EF5-A2C8-04F407D4A192}
	EndProjectSection
EndProject
Global
	GlobalSection(SolutionConfigurationPlatforms) = preSolution
		Debug|Any CPU = Debug|Any CPU
		Release|Any CPU = Release|Any CPU
	EndGlobalSection
	GlobalSection(ProjectConfigurationPlatforms) = postSolution
		{13EECD27-D917-4EF5-A2C8-04F407D4A192}.Debug|Any CPU.ActiveCfg = Debug|Any CPU
		{13EECD27-D917-4EF5-A2C8-04F407D4A192}.Debug|Any CPU.Build.0 = Debug|Any CPU
		{13EECD27-D917-4EF5-A2C8-04F407D4A192}.Release|Any CPU.ActiveCfg = Debug|Any CPU
		{13EECD27-D917-4EF5-A2C8-04F407D4A192}.Release|Any CPU.Build.0 = Debug|Any CPU
		{0E44C164-3E43-465D-B85E-27E2AD70B873}.Debug|Any CPU.ActiveCfg = Debug|Any CPU
		{0E44C164-3E43-465D-B85E-27E2AD70B873}.Debug|Any CPU.Build.0 = Debug|Any CPU
		{0E44C164-3E43-465D-B85E-27E2AD70B873}.Release|Any CPU.ActiveCfg = Release|Any CPU
		{0E44C164-3E43-465D-B85E-27E2AD70B873}.Release|Any CPU.Build.0 = Release|Any CPU
	EndGlobalSection
	GlobalSection(SolutionProperties) = preSolution
		HideSolutionNode = FALSE
	EndGlobalSection
EndGlobal
